{
  "requires": true,
  "lockfileVersion": 1,
  "dependencies": {
    "@sxwjs/sxwjs": {
      "version": "3.0.0",
      "resolved": "https://registry.npmjs.org/@sxwjs/sxwjs/-/sxwjs-3.0.0.tgz",
      "integrity": "sha512-n4jhsOT1bbTGBPZVN4RCYsY23se5YH8B7b/rFTZPQyDGLL/wpAEkoD55g+6WT4VH6jrGkBZUztOyLCE+iFpdgQ=="
    }
  }
}
